
Microsoft Visual Studio Solution File, Format Version 12.00
# Visual Studio Version 16
VisualStudioVersion = 16.0.31624.102
MinimumVisualStudioVersion = 10.0.40219.1
Project("{FAE04EC0-301F-11D3-BF4B-00C04F79EFBC}") = "FW008L_HFT_2021221.Client", "FW008L_HFT_2021221.Client\FW008L_HFT_2021221.Client.csproj", "{1B6E49E2-7DFF-4B4A-BE1E-FDD4CE9ABBD3}"
EndProject
Project("{FAE04EC0-301F-11D3-BF4B-00C04F79EFBC}") = "FW008L_HFT_2021221.Models", "FW008L_HFT_2021221.Models\FW008L_HFT_2021221.Models.csproj", "{3663AC4D-15AA-4808-BD1B-B4FECC3BD2EE}"
EndProject
Project("{FAE04EC0-301F-11D3-BF4B-00C04F79EFBC}") = "FW008L_HFT_2021221.Data", "FW008L_HFT_2021221.Data\FW008L_HFT_2021221.Data.csproj", "{1F6192E6-B02F-4B26-8409-D8CB0F1BC94E}"
EndProject
Project("{FAE04EC0-301F-11D3-BF4B-00C04F79EFBC}") = "FW008L_HFT_2021221.Logic", "FW008L_HFT_2021221.Logic\FW008L_HFT_2021221.Logic.csproj", "{8C28FC1D-6472-4D06-AFED-4CE96B66059B}"
EndProject
Project("{FAE04EC0-301F-11D3-BF4B-00C04F79EFBC}") = "FW008L_HFT_2021221.Repository", "FW008L_HFT_2021221.Repository\FW008L_HFT_2021221.Repository.csproj", "{8FFDDE43-8DA3-44E0-B16D-DD60AFEBEF95}"
EndProject
Project("{FAE04EC0-301F-11D3-BF4B-00C04F79EFBC}") = "FW008L_HFT_2021221.Endpoint", "FW008L_HFT_2021221.Endpoint\FW008L_HFT_2021221.Endpoint.csproj", "{AF938C12-35EC-40F2-B047-77FADD3AAEBE}"
EndProject
Project("{FAE04EC0-301F-11D3-BF4B-00C04F79EFBC}") = "FW008L_HFT_2021221.Test", "FW008L_HFT_2021221.Test\FW008L_HFT_2021221.Test.csproj", "{9719A21D-6493-48C7-94D6-9DD0CE765785}"
EndProject
Project("{2150E333-8FDC-42A3-9474-1A3956D46DE8}") = "Backend", "Backend", "{EA13433F-B0E6-467F-B721-F88CB11B981C}"
EndProject
Project("{2150E333-8FDC-42A3-9474-1A3956D46DE8}") = "Frontend", "Frontend", "{041B7D9C-F56E-4150-9B78-3885C47C9713}"
EndProject
Project("{2150E333-8FDC-42A3-9474-1A3956D46DE8}") = "Shared", "Shared", "{33B4064C-4DC2-4EA8-8E12-210F8D14C228}"
EndProject
Global
	GlobalSection(SolutionConfigurationPlatforms) = preSolution
		Debug|Any CPU = Debug|Any CPU
		Release|Any CPU = Release|Any CPU
	EndGlobalSection
	GlobalSection(ProjectConfigurationPlatforms) = postSolution
		{1B6E49E2-7DFF-4B4A-BE1E-FDD4CE9ABBD3}.Debug|Any CPU.ActiveCfg = Debug|Any CPU
		{1B6E49E2-7DFF-4B4A-BE1E-FDD4CE9ABBD3}.Debug|Any CPU.Build.0 = Debug|Any CPU
		{1B6E49E2-7DFF-4B4A-BE1E-FDD4CE9ABBD3}.Release|Any CPU.ActiveCfg = Release|Any CPU
		{1B6E49E2-7DFF-4B4A-BE1E-FDD4CE9ABBD3}.Release|Any CPU.Build.0 = Release|Any CPU
		{3663AC4D-15AA-4808-BD1B-B4FECC3BD2EE}.Debug|Any CPU.ActiveCfg = Debug|Any CPU
		{3663AC4D-15AA-4808-BD1B-B4FECC3BD2EE}.Debug|Any CPU.Build.0 = Debug|Any CPU
		{3663AC4D-15AA-4808-BD1B-B4FECC3BD2EE}.Release|Any CPU.ActiveCfg = Release|Any CPU
		{3663AC4D-15AA-4808-BD1B-B4FECC3BD2EE}.Release|Any CPU.Build.0 = Release|Any CPU
		{1F6192E6-B02F-4B26-8409-D8CB0F1BC94E}.Debug|Any CPU.ActiveCfg = Debug|Any CPU
		{1F6192E6-B02F-4B26-8409-D8CB0F1BC94E}.Debug|Any CPU.Build.0 = Debug|Any CPU
		{1F6192E6-B02F-4B26-8409-D8CB0F1BC94E}.Release|Any CPU.ActiveCfg = Release|Any CPU
		{1F6192E6-B02F-4B26-8409-D8CB0F1BC94E}.Release|Any CPU.Build.0 = Release|Any CPU
		{8C28FC1D-6472-4D06-AFED-4CE96B66059B}.Debug|Any CPU.ActiveCfg = Debug|Any CPU
		{8C28FC1D-6472-4D06-AFED-4CE96B66059B}.Debug|Any CPU.Build.0 = Debug|Any CPU
		{8C28FC1D-6472-4D06-AFED-4CE96B66059B}.Release|Any CPU.ActiveCfg = Release|Any CPU
		{8C28FC1D-6472-4D06-AFED-4CE96B66059B}.Release|Any CPU.Build.0 = Release|Any CPU
		{8FFDDE43-8DA3-44E0-B16D-DD60AFEBEF95}.Debug|Any CPU.ActiveCfg = Debug|Any CPU
		{8FFDDE43-8DA3-44E0-B16D-DD60AFEBEF95}.Debug|Any CPU.Build.0 = Debug|Any CPU
		{8FFDDE43-8DA3-44E0-B16D-DD60AFEBEF95}.Release|Any CPU.ActiveCfg = Release|Any CPU
		{8FFDDE43-8DA3-44E0-B16D-DD60AFEBEF95}.Release|Any CPU.Build.0 = Release|Any CPU
		{AF938C12-35EC-40F2-B047-77FADD3AAEBE}.Debug|Any CPU.ActiveCfg = Debug|Any CPU
		{AF938C12-35EC-40F2-B047-77FADD3AAEBE}.Debug|Any CPU.Build.0 = Debug|Any CPU
		{AF938C12-35EC-40F2-B047-77FADD3AAEBE}.Release|Any CPU.ActiveCfg = Release|Any CPU
		{AF938C12-35EC-40F2-B047-77FADD3AAEBE}.Release|Any CPU.Build.0 = Release|Any CPU
		{9719A21D-6493-48C7-94D6-9DD0CE765785}.Debug|Any CPU.ActiveCfg = Debug|Any CPU
		{9719A21D-6493-48C7-94D6-9DD0CE765785}.Debug|Any CPU.Build.0 = Debug|Any CPU
		{9719A21D-6493-48C7-94D6-9DD0CE765785}.Release|Any CPU.ActiveCfg = Release|Any CPU
		{9719A21D-6493-48C7-94D6-9DD0CE765785}.Release|Any CPU.Build.0 = Release|Any CPU
	EndGlobalSection
	GlobalSection(SolutionProperties) = preSolution
		HideSolutionNode = FALSE
	EndGlobalSection
	GlobalSection(NestedProjects) = preSolution
		{1B6E49E2-7DFF-4B4A-BE1E-FDD4CE9ABBD3} = {041B7D9C-F56E-4150-9B78-3885C47C9713}
		{3663AC4D-15AA-4808-BD1B-B4FECC3BD2EE} = {33B4064C-4DC2-4EA8-8E12-210F8D14C228}
		{1F6192E6-B02F-4B26-8409-D8CB0F1BC94E} = {EA13433F-B0E6-467F-B721-F88CB11B981C}
		{8C28FC1D-6472-4D06-AFED-4CE96B66059B} = {EA13433F-B0E6-467F-B721-F88CB11B981C}
		{8FFDDE43-8DA3-44E0-B16D-DD60AFEBEF95} = {EA13433F-B0E6-467F-B721-F88CB11B981C}
		{AF938C12-35EC-40F2-B047-77FADD3AAEBE} = {EA13433F-B0E6-467F-B721-F88CB11B981C}
		{9719A21D-6493-48C7-94D6-9DD0CE765785} = {EA13433F-B0E6-467F-B721-F88CB11B981C}
	EndGlobalSection
	GlobalSection(ExtensibilityGlobals) = postSolution
		SolutionGuid = {CDE922A6-AF6B-4D9A-8E61-3F44091D36E4}
	EndGlobalSection
EndGlobal
